GEM
  remote: https://rubygems.org/
  specs:
    base64 (0.3.0)
    docile (1.4.1)
    erubi (1.13.1)
    facets (3.2.0)
    js (2.10.1)
    logger (1.7.0)
    racc (1.8.1)
    rggen-c-header (0.7.0)
    rggen-core (0.36.1)
      docile (>= 1.1.5, != 1.3.3)
      erubi (>= 1.7)
      facets (>= 3.2)
      tomlrb (>= 2.0)
      yps (>= 1.0.0)
    rggen-default-register-map (0.36.1)
      erubi (>= 1.7)
    rggen-markdown (0.28.0)
    rggen-systemverilog (0.36.0)
    rggen-verilog (0.14.0)
      rggen-systemverilog (>= 0.36.0)
    rggen-veryl (0.8.0)
      rggen-systemverilog (>= 0.36.0)
    rggen-vhdl (0.13.0)
      rggen-systemverilog (>= 0.36.0)
    ruby_wasm (2.9.4)
      logger
    ruby_wasm (2.9.4-aarch64-linux)
      logger
    ruby_wasm (2.9.4-aarch64-linux-musl)
      logger
    ruby_wasm (2.9.4-arm64-darwin)
      logger
    ruby_wasm (2.9.4-x86_64-darwin)
      logger
    ruby_wasm (2.9.4-x86_64-linux)
      logger
    ruby_wasm (2.9.4-x86_64-linux-musl)
      logger
    tomlrb (2.0.4)
    yps (1.0.0)

PLATFORMS
  aarch64-linux
  aarch64-linux-musl
  arm64-darwin
  ruby
  x86_64-darwin
  x86_64-linux
  x86_64-linux-musl

DEPENDENCIES
  base64
  js
  racc
  rggen-c-header (~> 0.7.0)
  rggen-core (~> 0.36.1)
  rggen-default-register-map (~> 0.36.1)
  rggen-markdown (~> 0.28.0)
  rggen-systemverilog (~> 0.36.0)
  rggen-verilog (~> 0.14.0)
  rggen-veryl (~> 0.8.0)
  rggen-vhdl (~> 0.13.0)
  ruby_wasm (~> 2.9)

CHECKSUMS
  base64 (0.3.0) sha256=27337aeabad6ffae05c265c450490628ef3ebd4b67be58257393227588f5a97b
  docile (1.4.1) sha256=96159be799bfa73cdb721b840e9802126e4e03dfc26863db73647204c727f21e
  erubi (1.13.1) sha256=a082103b0885dbc5ecf1172fede897f9ebdb745a4b97a5e8dc63953db1ee4ad9
  facets (3.2.0) sha256=b2943f660df184e85b1070131c321591bb3e855dafcaf176e4439a89ef214158
  js (2.10.1) sha256=c5fb88c60ea936234f818ff240f2ab0c42a57c25ab9b575211fcc4d702d059fb
  logger (1.7.0) sha256=196edec7cc44b66cfb40f9755ce11b392f21f7967696af15d274dde7edff0203
  racc (1.8.1) sha256=4a7f6929691dbec8b5209a0b373bc2614882b55fc5d2e447a21aaa691303d62f
  rggen-c-header (0.7.0) sha256=7823746ddbc4e801ffc480c5169e82b46e99437a2311e2590330687a11516e9c
  rggen-core (0.36.1) sha256=0d89ff0dcd5419158557357a8baedbf19b99df6ef75668374002a428da7e4928
  rggen-default-register-map (0.36.1) sha256=3c81e3edd08c5c1529270491b4ca4cbf347fe7e46be5638def2c217f5cbe6627
  rggen-markdown (0.28.0) sha256=5521a9f309c835c3d19cc5440f704c8cf740e11ffe84ff5ab9e4097252b2cc0e
  rggen-systemverilog (0.36.0) sha256=89ca199e20ffe7848720dcce1b639b0ae678a8d53cf04e5e03e14463587a2f63
  rggen-verilog (0.14.0) sha256=d89f715d899b996315fb3d9adce1b643b5ba3e70e3918486f40eb311180fad85
  rggen-veryl (0.8.0) sha256=bd2eb25c42e78b8ce1860e8dc573e9e59be21cb60952d27104ac63ad978db411
  rggen-vhdl (0.13.0) sha256=e4cb16203d5e8671192eef9529902e836ae8908e377be63cc8b17621d0096344
  ruby_wasm (2.9.4) sha256=a25481a0d92ca9bf74354260c3de85c619b08da84f6f77b5605b155120ca1a4c
  ruby_wasm (2.9.4-aarch64-linux) sha256=ce71254c62c7f18cfde319c81e08cb16c260e698cc3f613d03e3377ca1c842d0
  ruby_wasm (2.9.4-aarch64-linux-musl) sha256=c263aa07e864a159c58ea5fc72f47fd3507953dacea14192c4f9f0e5446c9ba1
  ruby_wasm (2.9.4-arm64-darwin) sha256=e124b2b68d26b9f8c29873e76e189d29584febce0031285176aca42cf313d05e
  ruby_wasm (2.9.4-x86_64-darwin) sha256=f9bf6860beb268c3375d91fd085be2f309a6bd80a21ae4768b2533fb042a589b
  ruby_wasm (2.9.4-x86_64-linux) sha256=0d5e19430745742c09f35167d58586ce68c7f124090c722b8e4f9c21b6adc943
  ruby_wasm (2.9.4-x86_64-linux-musl) sha256=05eba60cfb90b2e69068b4bc0b7a2ac74031c9387b4cd3d8094487b161bc31d7
  tomlrb (2.0.4) sha256=262f77947ac3ac9b3366a0a5940ecd238300c553e2e14f22009e2afcd2181b99
  yps (1.0.0) sha256=460b9f8ed142c417735e57fc472b0898fa889f91c10eea16f32906c5c84dce21

BUNDLED WITH
  4.0.3
